// !$*UTF8*$!
{
	archiveVersion = 1;
	classes = {
	};
	objectVersion = 46;
	objects = {

/* Begin PBXBuildFile section */
		65BB71D11B7493BD00F37D4F /* AppDelegate.swift in Sources */ = {isa = PBXBuildFile; fileRef = 65BB71D01B7493BD00F37D4F /* AppDelegate.swift */; };
		65BB71D31B7493BD00F37D4F /* ViewController.swift in Sources */ = {isa = PBXBuildFile; fileRef = 65BB71D21B7493BD00F37D4F /* ViewController.swift */; };
		65BB71D61B7493BD00F37D4F /* Main.storyboard in Resources */ = {isa = PBXBuildFile; fileRef = 65BB71D41B7493BD00F37D4F /* Main.storyboard */; };
		65BB71D81B7493BD00F37D4F /* Images.xcassets in Resources */ = {isa = PBXBuildFile; fileRef = 65BB71D71B7493BD00F37D4F /* Images.xcassets */; };
		65BB71DB1B7493BD00F37D4F /* LaunchScreen.xib in Resources */ = {isa = PBXBuildFile; fileRef = 65BB71D91B7493BD00F37D4F /* LaunchScreen.xib */; };
		65BB71E71B7493BD00F37D4F /* PopupMessagesTests.swift in Sources */ = {isa = PBXBuildFile; fileRef = 65BB71E61B7493BD00F37D4F /* PopupMessagesTests.swift */; };
/* End PBXBuildFile section */

/* Begin PBXContainerItemProxy section */
		65BB71E11B7493BD00F37D4F /* PBXContainerItemProxy */ = {
			isa = PBXContainerItemProxy;
			containerPortal = 65BB71C31B7493BD00F37D4F /* Project object */;
			proxyType = 1;
			remoteGlobalIDString = 65BB71CA1B7493BD00F37D4F;
			remoteInfo = PopupMessages;
		};
/* End PBXContainerItemProxy section */

/* Begin PBXFileReference section */
		65BB71CB1B7493BD00F37D4F /* PopupMessages.app */ = {isa = PBXFileReference; explicitFileType = wrapper.application; includeInIndex = 0; path = PopupMessages.app; sourceTree = BUILT_PRODUCTS_DIR; };
		65BB71CF1B7493BD00F37D4F /* Info.plist */ = {isa = PBXFileReference; lastKnownFileType = text.plist.xml; path = Info.plist; sourceTree = "<group>"; };
		65BB71D01B7493BD00F37D4F /* AppDelegate.swift */ = {isa = PBXFileReference; lastKnownFileType = sourcecode.swift; path = AppDelegate.swift; sourceTree = "<group>"; };
		65BB71D21B7493BD00F37D4F /* ViewController.swift */ = {isa = PBXFileReference; lastKnownFileType = sourcecode.swift; path = ViewController.swift; sourceTree = "<group>"; };
		65BB71D51B7493BD00F37D4F /* Base */ = {isa = PBXFileReference; lastKnownFileType = file.storyboard; name = Base; path = Base.lproj/Main.storyboard; sourceTree = "<group>"; };
		65BB71D71B7493BD00F37D4F /* Images.xcassets */ = {isa = PBXFileReference; lastKnownFileType = folder.assetcatalog; path = Images.xcassets; sourceTree = "<group>"; };
		65BB71DA1B7493BD00F37D4F /* Base */ = {isa = PBXFileReference; lastKnownFileType = file.xib; name = Base; path = Base.lproj/LaunchScreen.xib; sourceTree = "<group>"; };
		65BB71E01B7493BD00F37D4F /* PopupMessagesTests.xctest */ = {isa = PBXFileReference; explicitFileType = wrapper.cfbundle; includeInIndex = 0; path = PopupMessagesTests.xctest; sourceTree = BUILT_PRODUCTS_DIR; };
		65BB71E51B7493BD00F37D4F /* Info.plist */ = {isa = PBXFileReference; lastKnownFileType = text.plist.xml; path = Info.plist; sourceTree = "<group>"; };
		65BB71E61B7493BD00F37D4F /* PopupMessagesTests.swift */ = {isa = PBXFileReference; lastKnownFileType = sourcecode.swift; path = PopupMessagesTests.swift; sourceTree = "<group>"; };
/* End PBXFileReference section */

/* Begin PBXFrameworksBuildPhase section */
		65BB71C81B7493BD00F37D4F /* Frameworks */ = {
			isa = PBXFrameworksBuildPhase;
			buildActionMask = 2147483647;
			files = (
			);
			runOnlyForDeploymentPostprocessing = 0;
		};
		65BB71DD1B7493BD00F37D4F /* Frameworks */ = {
			isa = PBXFrameworksBuildPhase;
			buildActionMask = 2147483647;
			files = (
			);
			runOnlyForDeploymentPostprocessing = 0;
		};
/* End PBXFrameworksBuildPhase section */

/* Begin PBXGroup section */
		65BB71C21B7493BD00F37D4F = {
			isa = PBXGroup;
			children = (
				65BB71CD1B7493BD00F37D4F /* PopupMessages */,
				65BB71E31B7493BD00F37D4F /* PopupMessagesTests */,
				65BB71CC1B7493BD00F37D4F /* Products */,
			);
			sourceTree = "<group>";
		};
		65BB71CC1B7493BD00F37D4F /* Products */ = {
			isa = PBXGroup;
			children = (
				65BB71CB1B7493BD00F37D4F /* PopupMessages.app */,
				65BB71E01B7493BD00F37D4F /* PopupMessagesTests.xctest */,
			);
			name = Products;
			sourceTree = "<group>";
		};
		65BB71CD1B7493BD00F37D4F /* PopupMessages */ = {
			isa = PBXGroup;
			children = (
				65BB71D01B7493BD00F37D4F /* AppDelegate.swift */,
				65BB71D21B7493BD00F37D4F /* ViewController.swift */,
				65BB71D41B7493BD00F37D4F /* Main.storyboard */,
				65BB71D71B7493BD00F37D4F /* Images.xcassets */,
				65BB71D91B7493BD00F37D4F /* LaunchScreen.xib */,
				65BB71CE1B7493BD00F37D4F /* Supporting Files */,
			);
			path = PopupMessages;
			sourceTree = "<group>";
		};
		65BB71CE1B7493BD00F37D4F /* Supporting Files */ = {
			isa = PBXGroup;
			children = (
				65BB71CF1B7493BD00F37D4F /* Info.plist */,
			);
			name = "Supporting Files";
			sourceTree = "<group>";
		};
		65BB71E31B7493BD00F37D4F /* PopupMessagesTests */ = {
			isa = PBXGroup;
			children = (
				65BB71E61B7493BD00F37D4F /* PopupMessagesTests.swift */,
				65BB71E41B7493BD00F37D4F /* Supporting Files */,
			);
			path = PopupMessagesTests;
			sourceTree = "<group>";
		};
		65BB71E41B7493BD00F37D4F /* Supporting Files */ = {
			isa = PBXGroup;
			children = (
				65BB71E51B7493BD00F37D4F /* Info.plist */,
			);
			name = "Supporting Files";
			sourceTree = "<group>";
		};
/* End PBXGroup section */

/* Begin PBXNativeTarget section */
		65BB71CA1B7493BD00F37D4F /* PopupMessages */ = {
			isa = PBXNativeTarget;
			buildConfigurationList = 65BB71EA1B7493BD00F37D4F /* Build configuration list for PBXNativeTarget "PopupMessages" */;
			buildPhases = (
				65BB71C71B7493BD00F37D4F /* Sources */,
				65BB71C81B7493BD00F37D4F /* Frameworks */,
				65BB71C91B7493BD00F37D4F /* Resources */,
			);
			buildRules = (
			);
			dependencies = (
			);
			name = PopupMessages;
			productName = PopupMessages;
			productReference = 65BB71CB1B7493BD00F37D4F /* PopupMessages.app */;
			productType = "com.apple.product-type.application";
		};
		65BB71DF1B7493BD00F37D4F /* PopupMessagesTests */ = {
			isa = PBXNativeTarget;
			buildConfigurationList = 65BB71ED1B7493BD00F37D4F /* Build configuration list for PBXNativeTarget "PopupMessagesTests" */;
			buildPhases = (
				65BB71DC1B7493BD00F37D4F /* Sources */,
				65BB71DD1B7493BD00F37D4F /* Frameworks */,
				65BB71DE1B7493BD00F37D4F /* Resources */,
			);
			buildRules = (
			);
			dependencies = (
				65BB71E21B7493BD00F37D4F /* PBXTargetDependency */,
			);
			name = PopupMessagesTests;
			productName = PopupMessagesTests;
			productReference = 65BB71E01B7493BD00F37D4F /* PopupMessagesTests.xctest */;
			productType = "com.apple.product-type.bundle.unit-test";
		};
/* End PBXNativeTarget section */

/* Begin PBXProject section */
		65BB71C31B7493BD00F37D4F /* Project object */ = {
			isa = PBXProject;
			attributes = {
				LastUpgradeCheck = 0640;
				ORGANIZATIONNAME = "野狗部落";
				TargetAttributes = {
					65BB71CA1B7493BD00F37D4F = {
						CreatedOnToolsVersion = 6.4;
					};
					65BB71DF1B7493BD00F37D4F = {
						CreatedOnToolsVersion = 6.4;
						TestTargetID = 65BB71CA1B7493BD00F37D4F;
					};
				};
			};
			buildConfigurationList = 65BB71C61B7493BD00F37D4F /* Build configuration list for PBXProject "PopupMessages" */;
			compatibilityVersion = "Xcode 3.2";
			developmentRegion = English;
			hasScannedForEncodings = 0;
			knownRegions = (
				en,
				Base,
			);
			mainGroup = 65BB71C21B7493BD00F37D4F;
			productRefGroup = 65BB71CC1B7493BD00F37D4F /* Products */;
			projectDirPath = "";
			projectRoot = "";
			targets = (
				65BB71CA1B7493BD00F37D4F /* PopupMessages */,
				65BB71DF1B7493BD00F37D4F /* PopupMessagesTests */,
			);
		};
/* End PBXProject section */

/* Begin PBXResourcesBuildPhase section */
		65BB71C91B7493BD00F37D4F /* Resources */ = {
			isa = PBXResourcesBuildPhase;
			buildActionMask = 2147483647;
			files = (
				65BB71D61B7493BD00F37D4F /* Main.storyboard in Resources */,
				65BB71DB1B7493BD00F37D4F /* LaunchScreen.xib in Resources */,
				65BB71D81B7493BD00F37D4F /* Images.xcassets in Resources */,
			);
			runOnlyForDeploymentPostprocessing = 0;
		};
		65BB71DE1B7493BD00F37D4F /* Resources */ = {
			isa = PBXResourcesBuildPhase;
			buildActionMask = 2147483647;
			files = (
			);
			runOnlyForDeploymentPostprocessing = 0;
		};
/* End PBXResourcesBuildPhase section */

/* Begin PBXSourcesBuildPhase section */
		65BB71C71B7493BD00F37D4F /* Sources */ = {
			isa = PBXSourcesBuildPhase;
			buildActionMask = 2147483647;
			files = (
				65BB71D31B7493BD00F37D4F /* ViewController.swift in Sources */,
				65BB71D11B7493BD00F37D4F /* AppDelegate.swift in Sources */,
			);
			runOnlyForDeploymentPostprocessing = 0;
		};
		65BB71DC1B7493BD00F37D4F /* Sources */ = {
			isa = PBXSourcesBuildPhase;
			buildActionMask = 2147483647;
			files = (
				65BB71E71B7493BD00F37D4F /* PopupMessagesTests.swift in Sources */,
			);
			runOnlyForDeploymentPostprocessing = 0;
		};
/* End PBXSourcesBuildPhase section */

/* Begin PBXTargetDependency section */
		65BB71E21B7493BD00F37D4F /* PBXTargetDependency */ = {
			isa = PBXTargetDependency;
			target = 65BB71CA1B7493BD00F37D4F /* PopupMessages */;
			targetProxy = 65BB71E11B7493BD00F37D4F /* PBXContainerItemProxy */;
		};
/* End PBXTargetDependency section */

/* Begin PBXVariantGroup section */
		65BB71D41B7493BD00F37D4F /* Main.storyboard */ = {
			isa = PBXVariantGroup;
			children = (
				65BB71D51B7493BD00F37D4F /* Base */,
			);
			name = Main.storyboard;
			sourceTree = "<group>";
		};
		65BB71D91B7493BD00F37D4F /* LaunchScreen.xib */ = {
			isa = PBXVariantGroup;
			children = (
				65BB71DA1B7493BD00F37D4F /* Base */,
			);
			name = LaunchScreen.xib;
			sourceTree = "<group>";
		};
/* End PBXVariantGroup section */

/* Begin XCBuildConfiguration section */
		65BB71E81B7493BD00F37D4F /* Debug */ = {
			isa = XCBuildConfiguration;
			buildSettings = {
				ALWAYS_SEARCH_USER_PATHS = NO;
				CLANG_CXX_LANGUAGE_STANDARD = "gnu++0x";
				CLANG_CXX_LIBRARY = "libc++";
				CLANG_ENABLE_MODULES = YES;
				CLANG_ENABLE_OBJC_ARC = YES;
				CLANG_WARN_BOOL_CONVERSION = YES;
				CLANG_WARN_CONSTANT_CONVERSION = YES;
				CLANG_WARN_DIRECT_OBJC_ISA_USAGE = YES_ERROR;
				CLANG_WARN_EMPTY_BODY = YES;
				CLANG_WARN_ENUM_CONVERSION = YES;
				CLANG_WARN_INT_CONVERSION = YES;
				CLANG_WARN_OBJC_ROOT_CLASS = YES_ERROR;
				CLANG_WARN_UNREACHABLE_CODE = YES;
				CLANG_WARN__DUPLICATE_METHOD_MATCH = YES;
				"CODE_SIGN_IDENTITY[sdk=iphoneos*]" = "iPhone Developer";
				COPY_PHASE_STRIP = NO;
				DEBUG_INFORMATION_FORMAT = "dwarf-with-dsym";
				ENABLE_STRICT_OBJC_MSGSEND = YES;
				GCC_C_LANGUAGE_STANDARD = gnu99;
				GCC_DYNAMIC_NO_PIC = NO;
				GCC_NO_COMMON_BLOCKS = YES;
				GCC_OPTIMIZATION_LEVEL = 0;
				GCC_PREPROCESSOR_DEFINITIONS = (
					"DEBUG=1",
					"$(inherited)",
				);
				GCC_SYMBOLS_PRIVATE_EXTERN = NO;
				GCC_WARN_64_TO_32_BIT_CONVERSION = YES;
				GCC_WARN_ABOUT_RETURN_TYPE = YES_ERROR;
				GCC_WARN_UNDECLARED_SELECTOR = YES;
				GCC_WARN_UNINITIALIZED_AUTOS = YES_AGGRESSIVE;
				GCC_WARN_UNUSED_FUNCTION = YES;
				GCC_WARN_UNUSED_VARIABLE = YES;
				IPHONEOS_DEPLOYMENT_TARGET = 8.4;
				MTL_ENABLE_DEBUG_INFO = YES;
				ONLY_ACTIVE_ARCH = YES;
				SDKROOT = iphoneos;
				SWIFT_OPTIMIZATION_LEVEL = "-Onone";
			};
			name = Debug;
		};
		65BB71E91B7493BD00F37D4F /* Release */ = {
			isa = XCBuildConfiguration;
			buildSettings = {
				ALWAYS_SEARCH_USER_PATHS = NO;
				CLANG_CXX_LANGUAGE_STANDARD = "gnu++0x";
				CLANG_CXX_LIBRARY = "libc++";
				CLANG_ENABLE_MODULES = YES;
				CLANG_ENABLE_OBJC_ARC = YES;
				CLANG_WARN_BOOL_CONVERSION = YES;
				CLANG_WARN_CONSTANT_CONVERSION = YES;
				CLANG_WARN_DIRECT_OBJC_ISA_USAGE = YES_ERROR;
				CLANG_WARN_EMPTY_BODY = YES;
				CLANG_WARN_ENUM_CONVERSION = YES;
				CLANG_WARN_INT_CONVERSION = YES;
				CLANG_WARN_OBJC_ROOT_CLASS = YES_ERROR;
				CLANG_WARN_UNREACHABLE_CODE = YES;
				CLANG_WARN__DUPLICATE_METHOD_MATCH = YES;
				"CODE_SIGN_IDENTITY[sdk=iphoneos*]" = "iPhone Developer";
				COPY_PHASE_STRIP = NO;
				DEBUG_INFORMATION_FORMAT = "dwarf-with-dsym";
				ENABLE_NS_ASSERTIONS = NO;
				ENABLE_STRICT_OBJC_MSGSEND = YES;
				GCC_C_LANGUAGE_STANDARD = gnu99;
				GCC_NO_COMMON_BLOCKS = YES;
				GCC_WARN_64_TO_32_BIT_CONVERSION = YES;
				GCC_WARN_ABOUT_RETURN_TYPE = YES_ERROR;
				GCC_WARN_UNDECLARED_SELECTOR = YES;
				GCC_WARN_UNINITIALIZED_AUTOS = YES_AGGRESSIVE;
				GCC_WARN_UNUSED_FUNCTION = YES;
				GCC_WARN_UNUSED_VARIABLE = YES;
				IPHONEOS_DEPLOYMENT_TARGET = 8.4;
				MTL_ENABLE_DEBUG_INFO = NO;
				SDKROOT = iphoneos;
				VALIDATE_PRODUCT = YES;
			};
			name = Release;
		};
		65BB71EB1B7493BD00F37D4F /* Debug */ = {
			isa = XCBuildConfiguration;
			buildSettings = {
				ASSETCATALOG_COMPILER_APPICON_NAME = AppIcon;
				INFOPLIST_FILE = PopupMessages/Info.plist;
				LD_RUNPATH_SEARCH_PATHS = "$(inherited) @executable_path/Frameworks";
				PRODUCT_NAME = "$(TARGET_NAME)";
			};
			name = Debug;
		};
		65BB71EC1B7493BD00F37D4F /* Release */ = {
			isa = XCBuildConfiguration;
			buildSettings = {
				ASSETCATALOG_COMPILER_APPICON_NAME = AppIcon;
				INFOPLIST_FILE = PopupMessages/Info.plist;
				LD_RUNPATH_SEARCH_PATHS = "$(inherited) @executable_path/Frameworks";
				PRODUCT_NAME = "$(TARGET_NAME)";
			};
			name = Release;
		};
		65BB71EE1B7493BD00F37D4F /* Debug */ = {
			isa = XCBuildConfiguration;
			buildSettings = {
				BUNDLE_LOADER = "$(TEST_HOST)";
				FRAMEWORK_SEARCH_PATHS = (
					"$(SDKROOT)/Developer/Library/Frameworks",
					"$(inherited)",
				);
				GCC_PREPROCESSOR_DEFINITIONS = (
					"DEBUG=1",
					"$(inherited)",
				);
				INFOPLIST_FILE = PopupMessagesTests/Info.plist;
				LD_RUNPATH_SEARCH_PATHS = "$(inherited) @executable_path/Frameworks @loader_path/Frameworks";
				PRODUCT_NAME = "$(TARGET_NAME)";
				TEST_HOST = "$(BUILT_PRODUCTS_DIR)/PopupMessages.app/PopupMessages";
			};
			name = Debug;
		};
		65BB71EF1B7493BD00F37D4F /* Release */ = {
			isa = XCBuildConfiguration;
			buildSettings = {
				BUNDLE_LOADER = "$(TEST_HOST)";
				FRAMEWORK_SEARCH_PATHS = (
					"$(SDKROOT)/Developer/Library/Frameworks",
					"$(inherited)",
				);
				INFOPLIST_FILE = PopupMessagesTests/Info.plist;
				LD_RUNPATH_SEARCH_PATHS = "$(inherited) @executable_path/Frameworks @loader_path/Frameworks";
				PRODUCT_NAME = "$(TARGET_NAME)";
				TEST_HOST = "$(BUILT_PRODUCTS_DIR)/PopupMessages.app/PopupMessages";
			};
			name = Release;
		};
/* End XCBuildConfiguration section */

/* Begin XCConfigurationList section */
		65BB71C61B7493BD00F37D4F /* Build configuration list for PBXProject "PopupMessages" */ = {
			isa = XCConfigurationList;
			buildConfigurations = (
				65BB71E81B7493BD00F37D4F /* Debug */,
				65BB71E91B7493BD00F37D4F /* Release */,
			);
			defaultConfigurationIsVisible = 0;
			defaultConfigurationName = Release;
		};
		65BB71EA1B7493BD00F37D4F /* Build configuration list for PBXNativeTarget "PopupMessages" */ = {
			isa = XCConfigurationList;
			buildConfigurations = (
				65BB71EB1B7493BD00F37D4F /* Debug */,
				65BB71EC1B7493BD00F37D4F /* Release */,
			);
			defaultConfigurationIsVisible = 0;
		};
		65BB71ED1B7493BD00F37D4F /* Build configuration list for PBXNativeTarget "PopupMessagesTests" */ = {
			isa = XCConfigurationList;
			buildConfigurations = (
				65BB71EE1B7493BD00F37D4F /* Debug */,
				65BB71EF1B7493BD00F37D4F /* Release */,
			);
			defaultConfigurationIsVisible = 0;
		};
/* End XCConfigurationList section */
	};
	rootObject = 65BB71C31B7493BD00F37D4F /* Project object */;
}
